{
  "pins" : [
    {
      "identity" : "ios-maps-sdk",
      "kind" : "remoteSourceControl",
      "location" : "https://github.com/googlemaps/ios-maps-sdk",
      "state" : {
        "revision" : "c37c4946d60f0ab069476d5781053b837771546e",
        "version" : "11.0.0"
      }
    }
  ],
  "version" : 2
}
