{
  "pins" : [
    {
      "identity" : "ios-maps-sdk",
      "kind" : "remoteSourceControl",
      "location" : "https://github.com/googlemaps/ios-maps-sdk",
      "state" : {
        "revision" : "f2f8341edc8e9a6155f43ce788d4d2f91497177a",
        "version" : "10.12.0"
      }
    }
  ],
  "version" : 2
}
