{
  "originHash" : "83db2defc444e7a8993a0824a55100b85b938d077db89bc886da1fe6860a4dcb",
  "pins" : [
    {
      "identity" : "kscrash",
      "kind" : "remoteSourceControl",
      "location" : "https://github.com/kstenerud/KSCrash",
      "state" : {
        "revision" : "0c515d8533318fc882f5b316abb17f2110fb4f9e",
        "version" : "2.2.0"
      }
    }
  ],
  "version" : 3
}
