{
  "originHash" : "8be6c4e1f5381b40042e40815a57b226f082fc42456675eae2f753325df11ddb",
  "pins" : [
    {
      "identity" : "kscrash",
      "kind" : "remoteSourceControl",
      "location" : "https://github.com/kstenerud/KSCrash",
      "state" : {
        "revision" : "c0177658fc771ae833b6d3b8f5f3f5a14d59ec03",
        "version" : "2.1.2"
      }
    }
  ],
  "version" : 3
}
