{
  "originHash" : "4c908e518c7407f3c8328d8bd9ccadba939d5c2699ab4c1a3ed698b7b1982621",
  "pins" : [
    {
      "identity" : "kscrash",
      "kind" : "remoteSourceControl",
      "location" : "https://github.com/kstenerud/KSCrash",
      "state" : {
        "revision" : "4a8b8e2155449fd2ffdb61f6b534db9f0655dbb5",
        "version" : "2.3.0"
      }
    }
  ],
  "version" : 3
}
