{
  "pins" : [
    {
      "identity" : "shake-ios",
      "kind" : "remoteSourceControl",
      "location" : "https://github.com/shakebugs/shake-ios",
      "state" : {
        "revision" : "61f197b1628bbdf4c28ac133376a0afdec3cc1db",
        "version" : "17.2.1"
      }
    }
  ],
  "version" : 2
}
