{
  "pins" : [
    {
      "identity" : "shake-ios",
      "kind" : "remoteSourceControl",
      "location" : "https://github.com/shakebugs/shake-ios",
      "state" : {
        "revision" : "71e021553f21adaee92ab02c9aadd3f9d5d038a6",
        "version" : "17.1.0"
      }
    }
  ],
  "version" : 2
}
