{
  "pins" : [
    {
      "identity" : "shake-ios",
      "kind" : "remoteSourceControl",
      "location" : "https://github.com/shakebugs/shake-ios",
      "state" : {
        "revision" : "c35bde549c14f59022634e378f6225c91c52a678",
        "version" : "17.2.3"
      }
    }
  ],
  "version" : 2
}
