{
  "pins" : [
    {
      "identity" : "swift-nio",
      "kind" : "remoteSourceControl",
      "location" : "https://github.com/apple/swift-nio.git",
      "state" : {
        "revision" : "51c3fc2e4a0fcdf4a25089b288dd65b73df1b0ef",
        "version" : "2.37.0"
      }
    }
  ],
  "version" : 2
}
