{
  "pins" : [
    {
      "identity" : "stripe-ios-spm",
      "kind" : "remoteSourceControl",
      "location" : "https://github.com/stripe/stripe-ios-spm.git",
      "state" : {
        "revision" : "eb2be6cd414ed575598561c96d929fa379ab62ac",
        "version" : "24.12.0"
      }
    }
  ],
  "version" : 2
}
