{
  "pins" : [
    {
      "identity" : "stripe-ios-spm",
      "kind" : "remoteSourceControl",
      "location" : "https://github.com/stripe/stripe-ios-spm.git",
      "state" : {
        "revision" : "44c74471048d7bc102ad55c3c65abf23beaac591",
        "version" : "26.7.0"
      }
    }
  ],
  "version" : 2
}
