{
  "pins" : [
    {
      "identity" : "stripe-ios",
      "kind" : "remoteSourceControl",
      "location" : "https://github.com/stripe/stripe-ios",
      "state" : {
        "revision" : "02145bf48699f124ef6a70fd1e158d3ad215a7c8",
        "version" : "23.19.0"
      }
    }
  ],
  "version" : 2
}
