{
  "pins" : [
    {
      "identity" : "injectionnext",
      "kind" : "remoteSourceControl",
      "location" : "https://github.com/johnno1962/InjectionNext.git",
      "state" : {
        "revision" : "5acff37357e4e595e1c7942871b7f1a592e34a99",
        "version" : "1.4.2"
      }
    }
  ],
  "version" : 2
}
