{
  "pins" : [
    {
      "identity" : "injectionnext",
      "kind" : "remoteSourceControl",
      "location" : "https://github.com/johnno1962/InjectionNext.git",
      "state" : {
        "revision" : "7bae3044bc643460d1f83389446694a7444709cf",
        "version" : "1.6.0"
      }
    }
  ],
  "version" : 2
}
