{
  "pins" : [
    {
      "identity" : "phonenumberkit",
      "kind" : "remoteSourceControl",
      "location" : "https://github.com/marmelroy/PhoneNumberKit",
      "state" : {
        "revision" : "169ab10234347fb19b37441f2867ace896a284b0",
        "version" : "4.3.0"
      }
    }
  ],
  "version" : 2
}
