{
  "pins" : [
    {
      "identity" : "phonenumberkit",
      "kind" : "remoteSourceControl",
      "location" : "https://github.com/marmelroy/PhoneNumberKit",
      "state" : {
        "revision" : "6416b3b3c5da60bc19d43e62c502b40935f2f795",
        "version" : "3.7.1"
      }
    }
  ],
  "version" : 2
}
