{
  "pins" : [
    {
      "identity" : "aws-crt-swift",
      "kind" : "remoteSourceControl",
      "location" : "https://github.com/awslabs/aws-crt-swift.git",
      "state" : {
        "revision" : "ca17709eacb840a8e3d1c59e11c805302170fbc6",
        "version" : "0.62.0"
      }
    }
  ],
  "version" : 2
}
