{
  "pins" : [
    {
      "identity" : "aws-crt-swift",
      "kind" : "remoteSourceControl",
      "location" : "https://github.com/awslabs/aws-crt-swift.git",
      "state" : {
        "revision" : "9c6a3c641dca1570c8e2f2a0a1648dcdb80fd453",
        "version" : "0.59.0"
      }
    }
  ],
  "version" : 2
}
