{
  "pins" : [
    {
      "identity" : "trustkit",
      "kind" : "remoteSourceControl",
      "location" : "https://github.com/datatheorem/TrustKit.git",
      "state" : {
        "revision" : "2fb6ce731fd51f745f6cc3393462865b95c3df3c",
        "version" : "3.0.4"
      }
    }
  ],
  "version" : 2
}
