{
  "pins" : [
    {
      "identity" : "trustkit",
      "kind" : "remoteSourceControl",
      "location" : "https://github.com/datatheorem/TrustKit.git",
      "state" : {
        "revision" : "d009bab582513e029924f394c2a3b974f10a44a6",
        "version" : "3.0.5"
      }
    }
  ],
  "version" : 2
}
